
Microsoft Visual Studio Solution File, Format Version 12.00
# Visual Studio 15
VisualStudioVersion = 15.0.28307.489
MinimumVisualStudioVersion = 10.0.40219.1
Project("{FAE04EC0-301F-11D3-BF4B-00C04F79EFBC}") = "Web_Kladilnica", "Web_Kladilnica\Web_Kladilnica.csproj", "{A2FF0E77-AF80-407F-BDE0-F5E95B73CD83}"
EndProject
Global
	GlobalSection(SolutionConfigurationPlatforms) = preSolution
		Debug|Any CPU = Debug|Any CPU
		Release|Any CPU = Release|Any CPU
	EndGlobalSection
	GlobalSection(ProjectConfigurationPlatforms) = postSolution
		{A2FF0E77-AF80-407F-BDE0-F5E95B73CD83}.Debug|Any CPU.ActiveCfg = Debug|Any CPU
		{A2FF0E77-AF80-407F-BDE0-F5E95B73CD83}.Debug|Any CPU.Build.0 = Debug|Any CPU
		{A2FF0E77-AF80-407F-BDE0-F5E95B73CD83}.Release|Any CPU.ActiveCfg = Release|Any CPU
		{A2FF0E77-AF80-407F-BDE0-F5E95B73CD83}.Release|Any CPU.Build.0 = Release|Any CPU
	EndGlobalSection
	GlobalSection(SolutionProperties) = preSolution
		HideSolutionNode = FALSE
	EndGlobalSection
	GlobalSection(ExtensibilityGlobals) = postSolution
		SolutionGuid = {D6AA755C-1278-486D-9D7F-3EE162DEE808}
	EndGlobalSection
EndGlobal
